// !$*UTF8*$!
{
	archiveVersion = 1;
	classes = {
	};
	objectVersion = 46;
	objects = {

/* Begin PBXBuildFile section */
		16E808508DB649A464314ED3 /* libPods.a in Frameworks */ = {isa = PBXBuildFile; fileRef = DF245983CD2C319C62F5EA5A /* libPods.a */; };
		E45FF9E81BACD12B00164C72 /* AppDelegate.swift in Sources */ = {isa = PBXBuildFile; fileRef = E45FF9E71BACD12B00164C72 /* AppDelegate.swift */; };
		E45FF9ED1BACD12B00164C72 /* Main.storyboard in Resources */ = {isa = PBXBuildFile; fileRef = E45FF9EB1BACD12B00164C72 /* Main.storyboard */; };
		E45FF9EF1BACD12B00164C72 /* Images.xcassets in Resources */ = {isa = PBXBuildFile; fileRef = E45FF9EE1BACD12B00164C72 /* Images.xcassets */; };
		E45FF9F21BACD12B00164C72 /* LaunchScreen.xib in Resources */ = {isa = PBXBuildFile; fileRef = E45FF9F01BACD12B00164C72 /* LaunchScreen.xib */; };
		E45FF9FE1BACD12B00164C72 /* WhizBridgeTests.swift in Sources */ = {isa = PBXBuildFile; fileRef = E45FF9FD1BACD12B00164C72 /* WhizBridgeTests.swift */; };
		E45FFA081BAD447700164C72 /* DataProvider.swift in Sources */ = {isa = PBXBuildFile; fileRef = E45FFA071BAD447700164C72 /* DataProvider.swift */; };
		E45FFA0A1BAD44CA00164C72 /* Reachability.swift in Sources */ = {isa = PBXBuildFile; fileRef = E45FFA091BAD44CA00164C72 /* Reachability.swift */; };
		E45FFA111BAD5FE800164C72 /* HomeViewController.swift in Sources */ = {isa = PBXBuildFile; fileRef = E45FFA101BAD5FE800164C72 /* HomeViewController.swift */; };
		E45FFA131BAD616A00164C72 /* OffflineViewController.swift in Sources */ = {isa = PBXBuildFile; fileRef = E45FFA121BAD616A00164C72 /* OffflineViewController.swift */; };
		E45FFA151BAD617F00164C72 /* PostJobViewController.swift in Sources */ = {isa = PBXBuildFile; fileRef = E45FFA141BAD617F00164C72 /* PostJobViewController.swift */; };
		E45FFA171BAD619C00164C72 /* WhizHomeViewController.swift in Sources */ = {isa = PBXBuildFile; fileRef = E45FFA161BAD619C00164C72 /* WhizHomeViewController.swift */; };
		E45FFA191BAD6FE000164C72 /* WhizLoginViewController.swift in Sources */ = {isa = PBXBuildFile; fileRef = E45FFA181BAD6FE000164C72 /* WhizLoginViewController.swift */; };
		E4A956C21BADC3240019FE8D /* Job.swift in Sources */ = {isa = PBXBuildFile; fileRef = E4A956C11BADC3240019FE8D /* Job.swift */; };
		E4A956C41BADDE8E0019FE8D /* IndividualJobViewController.swift in Sources */ = {isa = PBXBuildFile; fileRef = E4A956C31BADDE8E0019FE8D /* IndividualJobViewController.swift */; };
		E4A956C61BADF0DD0019FE8D /* WhizTableViewController.swift in Sources */ = {isa = PBXBuildFile; fileRef = E4A956C51BADF0DD0019FE8D /* WhizTableViewController.swift */; };
		E4A956C81BAE7CF90019FE8D /* UIColorExtension.swift in Sources */ = {isa = PBXBuildFile; fileRef = E4A956C71BAE7CF90019FE8D /* UIColorExtension.swift */; };
/* End PBXBuildFile section */

/* Begin PBXContainerItemProxy section */
		E45FF9F81BACD12B00164C72 /* PBXContainerItemProxy */ = {
			isa = PBXContainerItemProxy;
			containerPortal = E45FF9DA1BACD12B00164C72 /* Project object */;
			proxyType = 1;
			remoteGlobalIDString = E45FF9E11BACD12B00164C72;
			remoteInfo = WhizBridge;
		};
/* End PBXContainerItemProxy section */

/* Begin PBXFileReference section */
		8B3F31AD46FF2356344697D8 /* Pods.debug.xcconfig */ = {isa = PBXFileReference; includeInIndex = 1; lastKnownFileType = text.xcconfig; name = Pods.debug.xcconfig; path = "Pods/Target Support Files/Pods/Pods.debug.xcconfig"; sourceTree = "<group>"; };
		DF245983CD2C319C62F5EA5A /* libPods.a */ = {isa = PBXFileReference; explicitFileType = archive.ar; includeInIndex = 0; path = libPods.a; sourceTree = BUILT_PRODUCTS_DIR; };
		E45FF9E21BACD12B00164C72 /* WhizBridge.app */ = {isa = PBXFileReference; explicitFileType = wrapper.application; includeInIndex = 0; path = WhizBridge.app; sourceTree = BUILT_PRODUCTS_DIR; };
		E45FF9E61BACD12B00164C72 /* Info.plist */ = {isa = PBXFileReference; lastKnownFileType = text.plist.xml; path = Info.plist; sourceTree = "<group>"; };
		E45FF9E71BACD12B00164C72 /* AppDelegate.swift */ = {isa = PBXFileReference; lastKnownFileType = sourcecode.swift; path = AppDelegate.swift; sourceTree = "<group>"; };
		E45FF9EC1BACD12B00164C72 /* Base */ = {isa = PBXFileReference; lastKnownFileType = file.storyboard; name = Base; path = Base.lproj/Main.storyboard; sourceTree = "<group>"; };
		E45FF9EE1BACD12B00164C72 /* Images.xcassets */ = {isa = PBXFileReference; lastKnownFileType = folder.assetcatalog; path = Images.xcassets; sourceTree = "<group>"; };
		E45FF9F11BACD12B00164C72 /* Base */ = {isa = PBXFileReference; lastKnownFileType = file.xib; name = Base; path = Base.lproj/LaunchScreen.xib; sourceTree = "<group>"; };
		E45FF9F71BACD12B00164C72 /* WhizBridgeTests.xctest */ = {isa = PBXFileReference; explicitFileType = wrapper.cfbundle; includeInIndex = 0; path = WhizBridgeTests.xctest; sourceTree = BUILT_PRODUCTS_DIR; };
		E45FF9FC1BACD12B00164C72 /* Info.plist */ = {isa = PBXFileReference; lastKnownFileType = text.plist.xml; path = Info.plist; sourceTree = "<group>"; };
		E45FF9FD1BACD12B00164C72 /* WhizBridgeTests.swift */ = {isa = PBXFileReference; lastKnownFileType = sourcecode.swift; path = WhizBridgeTests.swift; sourceTree = "<group>"; };
		E45FFA071BAD447700164C72 /* DataProvider.swift */ = {isa = PBXFileReference; fileEncoding = 4; lastKnownFileType = sourcecode.swift; path = DataProvider.swift; sourceTree = "<group>"; };
		E45FFA091BAD44CA00164C72 /* Reachability.swift */ = {isa = PBXFileReference; fileEncoding = 4; lastKnownFileType = sourcecode.swift; path = Reachability.swift; sourceTree = "<group>"; };
		E45FFA101BAD5FE800164C72 /* HomeViewController.swift */ = {isa = PBXFileReference; fileEncoding = 4; lastKnownFileType = sourcecode.swift; path = HomeViewController.swift; sourceTree = "<group>"; };
		E45FFA121BAD616A00164C72 /* OffflineViewController.swift */ = {isa = PBXFileReference; fileEncoding = 4; lastKnownFileType = sourcecode.swift; path = OffflineViewController.swift; sourceTree = "<group>"; };
		E45FFA141BAD617F00164C72 /* PostJobViewController.swift */ = {isa = PBXFileReference; fileEncoding = 4; lastKnownFileType = sourcecode.swift; path = PostJobViewController.swift; sourceTree = "<group>"; };
		E45FFA161BAD619C00164C72 /* WhizHomeViewController.swift */ = {isa = PBXFileReference; fileEncoding = 4; lastKnownFileType = sourcecode.swift; path = WhizHomeViewController.swift; sourceTree = "<group>"; };
		E45FFA181BAD6FE000164C72 /* WhizLoginViewController.swift */ = {isa = PBXFileReference; fileEncoding = 4; lastKnownFileType = sourcecode.swift; path = WhizLoginViewController.swift; sourceTree = "<group>"; };
		E4A956BE1BADA1910019FE8D /* WhizBridge-Bridging-Header.h */ = {isa = PBXFileReference; lastKnownFileType = sourcecode.c.h; path = "WhizBridge-Bridging-Header.h"; sourceTree = "<group>"; };
		E4A956C11BADC3240019FE8D /* Job.swift */ = {isa = PBXFileReference; fileEncoding = 4; lastKnownFileType = sourcecode.swift; path = Job.swift; sourceTree = "<group>"; };
		E4A956C31BADDE8E0019FE8D /* IndividualJobViewController.swift */ = {isa = PBXFileReference; fileEncoding = 4; lastKnownFileType = sourcecode.swift; path = IndividualJobViewController.swift; sourceTree = "<group>"; };
		E4A956C51BADF0DD0019FE8D /* WhizTableViewController.swift */ = {isa = PBXFileReference; fileEncoding = 4; lastKnownFileType = sourcecode.swift; path = WhizTableViewController.swift; sourceTree = "<group>"; };
		E4A956C71BAE7CF90019FE8D /* UIColorExtension.swift */ = {isa = PBXFileReference; fileEncoding = 4; lastKnownFileType = sourcecode.swift; path = UIColorExtension.swift; sourceTree = "<group>"; };
		FF78FDFED078D42A43B5A135 /* Pods.release.xcconfig */ = {isa = PBXFileReference; includeInIndex = 1; lastKnownFileType = text.xcconfig; name = Pods.release.xcconfig; path = "Pods/Target Support Files/Pods/Pods.release.xcconfig"; sourceTree = "<group>"; };
/* End PBXFileReference section */

/* Begin PBXFrameworksBuildPhase section */
		E45FF9DF1BACD12B00164C72 /* Frameworks */ = {
			isa = PBXFrameworksBuildPhase;
			buildActionMask = 2147483647;
			files = (
				16E808508DB649A464314ED3 /* libPods.a in Frameworks */,
			);
			runOnlyForDeploymentPostprocessing = 0;
		};
		E45FF9F41BACD12B00164C72 /* Frameworks */ = {
			isa = PBXFrameworksBuildPhase;
			buildActionMask = 2147483647;
			files = (
			);
			runOnlyForDeploymentPostprocessing = 0;
		};
/* End PBXFrameworksBuildPhase section */

/* Begin PBXGroup section */
		1DDAFFC51E1026A422963F51 /* Pods */ = {
			isa = PBXGroup;
			children = (
				8B3F31AD46FF2356344697D8 /* Pods.debug.xcconfig */,
				FF78FDFED078D42A43B5A135 /* Pods.release.xcconfig */,
			);
			name = Pods;
			sourceTree = "<group>";
		};
		567E317AE30561D60B2A82E9 /* Frameworks */ = {
			isa = PBXGroup;
			children = (
				DF245983CD2C319C62F5EA5A /* libPods.a */,
			);
			name = Frameworks;
			sourceTree = "<group>";
		};
		E45FF9D91BACD12B00164C72 = {
			isa = PBXGroup;
			children = (
				E45FF9E41BACD12B00164C72 /* WhizBridge */,
				E45FF9FA1BACD12B00164C72 /* WhizBridgeTests */,
				E45FF9E31BACD12B00164C72 /* Products */,
				1DDAFFC51E1026A422963F51 /* Pods */,
				567E317AE30561D60B2A82E9 /* Frameworks */,
			);
			sourceTree = "<group>";
		};
		E45FF9E31BACD12B00164C72 /* Products */ = {
			isa = PBXGroup;
			children = (
				E45FF9E21BACD12B00164C72 /* WhizBridge.app */,
				E45FF9F71BACD12B00164C72 /* WhizBridgeTests.xctest */,
			);
			name = Products;
			sourceTree = "<group>";
		};
		E45FF9E41BACD12B00164C72 /* WhizBridge */ = {
			isa = PBXGroup;
			children = (
				E45FFA0D1BAD539E00164C72 /* Controller */,
				E45FFA0C1BAD539200164C72 /* View */,
				E45FFA0B1BAD538B00164C72 /* Model */,
				E45FF9E71BACD12B00164C72 /* AppDelegate.swift */,
				E45FF9EB1BACD12B00164C72 /* Main.storyboard */,
				E45FF9EE1BACD12B00164C72 /* Images.xcassets */,
				E45FFA071BAD447700164C72 /* DataProvider.swift */,
				E45FF9F01BACD12B00164C72 /* LaunchScreen.xib */,
				E45FF9E51BACD12B00164C72 /* Supporting Files */,
				E4A956BE1BADA1910019FE8D /* WhizBridge-Bridging-Header.h */,
			);
			path = WhizBridge;
			sourceTree = "<group>";
		};
		E45FF9E51BACD12B00164C72 /* Supporting Files */ = {
			isa = PBXGroup;
			children = (
				E4A956C71BAE7CF90019FE8D /* UIColorExtension.swift */,
				E45FFA091BAD44CA00164C72 /* Reachability.swift */,
				E45FF9E61BACD12B00164C72 /* Info.plist */,
			);
			name = "Supporting Files";
			sourceTree = "<group>";
		};
		E45FF9FA1BACD12B00164C72 /* WhizBridgeTests */ = {
			isa = PBXGroup;
			children = (
				E45FF9FD1BACD12B00164C72 /* WhizBridgeTests.swift */,
				E45FF9FB1BACD12B00164C72 /* Supporting Files */,
			);
			path = WhizBridgeTests;
			sourceTree = "<group>";
		};
		E45FF9FB1BACD12B00164C72 /* Supporting Files */ = {
			isa = PBXGroup;
			children = (
				E45FF9FC1BACD12B00164C72 /* Info.plist */,
			);
			name = "Supporting Files";
			sourceTree = "<group>";
		};
		E45FFA0B1BAD538B00164C72 /* Model */ = {
			isa = PBXGroup;
			children = (
				E4A956C11BADC3240019FE8D /* Job.swift */,
			);
			name = Model;
			sourceTree = "<group>";
		};
		E45FFA0C1BAD539200164C72 /* View */ = {
			isa = PBXGroup;
			children = (
			);
			name = View;
			sourceTree = "<group>";
		};
		E45FFA0D1BAD539E00164C72 /* Controller */ = {
			isa = PBXGroup;
			children = (
				E45FFA101BAD5FE800164C72 /* HomeViewController.swift */,
				E45FFA121BAD616A00164C72 /* OffflineViewController.swift */,
				E45FFA141BAD617F00164C72 /* PostJobViewController.swift */,
				E45FFA161BAD619C00164C72 /* WhizHomeViewController.swift */,
				E45FFA181BAD6FE000164C72 /* WhizLoginViewController.swift */,
				E4A956C31BADDE8E0019FE8D /* IndividualJobViewController.swift */,
				E4A956C51BADF0DD0019FE8D /* WhizTableViewController.swift */,
			);
			name = Controller;
			sourceTree = "<group>";
		};
/* End PBXGroup section */

/* Begin PBXNativeTarget section */
		E45FF9E11BACD12B00164C72 /* WhizBridge */ = {
			isa = PBXNativeTarget;
			buildConfigurationList = E45FFA011BACD12B00164C72 /* Build configuration list for PBXNativeTarget "WhizBridge" */;
			buildPhases = (
				1EFE99BE0F2AD8132A1AA0BA /* Check Pods Manifest.lock */,
				E45FF9DE1BACD12B00164C72 /* Sources */,
				E45FF9DF1BACD12B00164C72 /* Frameworks */,
				E45FF9E01BACD12B00164C72 /* Resources */,
				6388295070CF9C7411E2F6F9 /* Copy Pods Resources */,
			);
			buildRules = (
			);
			dependencies = (
			);
			name = WhizBridge;
			productName = WhizBridge;
			productReference = E45FF9E21BACD12B00164C72 /* WhizBridge.app */;
			productType = "com.apple.product-type.application";
		};
		E45FF9F61BACD12B00164C72 /* WhizBridgeTests */ = {
			isa = PBXNativeTarget;
			buildConfigurationList = E45FFA041BACD12B00164C72 /* Build configuration list for PBXNativeTarget "WhizBridgeTests" */;
			buildPhases = (
				E45FF9F31BACD12B00164C72 /* Sources */,
				E45FF9F41BACD12B00164C72 /* Frameworks */,
				E45FF9F51BACD12B00164C72 /* Resources */,
			);
			buildRules = (
			);
			dependencies = (
				E45FF9F91BACD12B00164C72 /* PBXTargetDependency */,
			);
			name = WhizBridgeTests;
			productName = WhizBridgeTests;
			productReference = E45FF9F71BACD12B00164C72 /* WhizBridgeTests.xctest */;
			productType = "com.apple.product-type.bundle.unit-test";
		};
/* End PBXNativeTarget section */

/* Begin PBXProject section */
		E45FF9DA1BACD12B00164C72 /* Project object */ = {
			isa = PBXProject;
			attributes = {
				LastUpgradeCheck = 0640;
				ORGANIZATIONNAME = WhizBridge;
				TargetAttributes = {
					E45FF9E11BACD12B00164C72 = {
						CreatedOnToolsVersion = 6.4;
					};
					E45FF9F61BACD12B00164C72 = {
						CreatedOnToolsVersion = 6.4;
						TestTargetID = E45FF9E11BACD12B00164C72;
					};
				};
			};
			buildConfigurationList = E45FF9DD1BACD12B00164C72 /* Build configuration list for PBXProject "WhizBridge" */;
			compatibilityVersion = "Xcode 3.2";
			developmentRegion = English;
			hasScannedForEncodings = 0;
			knownRegions = (
				en,
				Base,
			);
			mainGroup = E45FF9D91BACD12B00164C72;
			productRefGroup = E45FF9E31BACD12B00164C72 /* Products */;
			projectDirPath = "";
			projectRoot = "";
			targets = (
				E45FF9E11BACD12B00164C72 /* WhizBridge */,
				E45FF9F61BACD12B00164C72 /* WhizBridgeTests */,
			);
		};
/* End PBXProject section */

/* Begin PBXResourcesBuildPhase section */
		E45FF9E01BACD12B00164C72 /* Resources */ = {
			isa = PBXResourcesBuildPhase;
			buildActionMask = 2147483647;
			files = (
				E45FF9ED1BACD12B00164C72 /* Main.storyboard in Resources */,
				E45FF9F21BACD12B00164C72 /* LaunchScreen.xib in Resources */,
				E45FF9EF1BACD12B00164C72 /* Images.xcassets in Resources */,
			);
			runOnlyForDeploymentPostprocessing = 0;
		};
		E45FF9F51BACD12B00164C72 /* Resources */ = {
			isa = PBXResourcesBuildPhase;
			buildActionMask = 2147483647;
			files = (
			);
			runOnlyForDeploymentPostprocessing = 0;
		};
/* End PBXResourcesBuildPhase section */

/* Begin PBXShellScriptBuildPhase section */
		1EFE99BE0F2AD8132A1AA0BA /* Check Pods Manifest.lock */ = {
			isa = PBXShellScriptBuildPhase;
			buildActionMask = 2147483647;
			files = (
			);
			inputPaths = (
			);
			name = "Check Pods Manifest.lock";
			outputPaths = (
			);
			runOnlyForDeploymentPostprocessing = 0;
			shellPath = /bin/sh;
			shellScript = "diff \"${PODS_ROOT}/../Podfile.lock\" \"${PODS_ROOT}/Manifest.lock\" > /dev/null\nif [[ $? != 0 ]] ; then\n    cat << EOM\nerror: The sandbox is not in sync with the Podfile.lock. Run 'pod install' or update your CocoaPods installation.\nEOM\n    exit 1\nfi\n";
			showEnvVarsInLog = 0;
		};
		6388295070CF9C7411E2F6F9 /* Copy Pods Resources */ = {
			isa = PBXShellScriptBuildPhase;
			buildActionMask = 2147483647;
			files = (
			);
			inputPaths = (
			);
			name = "Copy Pods Resources";
			outputPaths = (
			);
			runOnlyForDeploymentPostprocessing = 0;
			shellPath = /bin/sh;
			shellScript = "\"${SRCROOT}/Pods/Target Support Files/Pods/Pods-resources.sh\"\n";
			showEnvVarsInLog = 0;
		};
/* End PBXShellScriptBuildPhase section */

/* Begin PBXSourcesBuildPhase section */
		E45FF9DE1BACD12B00164C72 /* Sources */ = {
			isa = PBXSourcesBuildPhase;
			buildActionMask = 2147483647;
			files = (
				E45FFA081BAD447700164C72 /* DataProvider.swift in Sources */,
				E45FFA0A1BAD44CA00164C72 /* Reachability.swift in Sources */,
				E45FFA191BAD6FE000164C72 /* WhizLoginViewController.swift in Sources */,
				E4A956C41BADDE8E0019FE8D /* IndividualJobViewController.swift in Sources */,
				E45FFA151BAD617F00164C72 /* PostJobViewController.swift in Sources */,
				E4A956C21BADC3240019FE8D /* Job.swift in Sources */,
				E45FFA131BAD616A00164C72 /* OffflineViewController.swift in Sources */,
				E45FF9E81BACD12B00164C72 /* AppDelegate.swift in Sources */,
				E4A956C61BADF0DD0019FE8D /* WhizTableViewController.swift in Sources */,
				E45FFA111BAD5FE800164C72 /* HomeViewController.swift in Sources */,
				E45FFA171BAD619C00164C72 /* WhizHomeViewController.swift in Sources */,
				E4A956C81BAE7CF90019FE8D /* UIColorExtension.swift in Sources */,
			);
			runOnlyForDeploymentPostprocessing = 0;
		};
		E45FF9F31BACD12B00164C72 /* Sources */ = {
			isa = PBXSourcesBuildPhase;
			buildActionMask = 2147483647;
			files = (
				E45FF9FE1BACD12B00164C72 /* WhizBridgeTests.swift in Sources */,
			);
			runOnlyForDeploymentPostprocessing = 0;
		};
/* End PBXSourcesBuildPhase section */

/* Begin PBXTargetDependency section */
		E45FF9F91BACD12B00164C72 /* PBXTargetDependency */ = {
			isa = PBXTargetDependency;
			target = E45FF9E11BACD12B00164C72 /* WhizBridge */;
			targetProxy = E45FF9F81BACD12B00164C72 /* PBXContainerItemProxy */;
		};
/* End PBXTargetDependency section */

/* Begin PBXVariantGroup section */
		E45FF9EB1BACD12B00164C72 /* Main.storyboard */ = {
			isa = PBXVariantGroup;
			children = (
				E45FF9EC1BACD12B00164C72 /* Base */,
			);
			name = Main.storyboard;
			sourceTree = "<group>";
		};
		E45FF9F01BACD12B00164C72 /* LaunchScreen.xib */ = {
			isa = PBXVariantGroup;
			children = (
				E45FF9F11BACD12B00164C72 /* Base */,
			);
			name = LaunchScreen.xib;
			sourceTree = "<group>";
		};
/* End PBXVariantGroup section */

/* Begin XCBuildConfiguration section */
		E45FF9FF1BACD12B00164C72 /* Debug */ = {
			isa = XCBuildConfiguration;
			buildSettings = {
				ALWAYS_SEARCH_USER_PATHS = NO;
				CLANG_CXX_LANGUAGE_STANDARD = "gnu++0x";
				CLANG_CXX_LIBRARY = "libc++";
				CLANG_ENABLE_MODULES = YES;
				CLANG_ENABLE_OBJC_ARC = YES;
				CLANG_WARN_BOOL_CONVERSION = YES;
				CLANG_WARN_CONSTANT_CONVERSION = YES;
				CLANG_WARN_DIRECT_OBJC_ISA_USAGE = YES_ERROR;
				CLANG_WARN_EMPTY_BODY = YES;
				CLANG_WARN_ENUM_CONVERSION = YES;
				CLANG_WARN_INT_CONVERSION = YES;
				CLANG_WARN_OBJC_ROOT_CLASS = YES_ERROR;
				CLANG_WARN_UNREACHABLE_CODE = YES;
				CLANG_WARN__DUPLICATE_METHOD_MATCH = YES;
				"CODE_SIGN_IDENTITY[sdk=iphoneos*]" = "iPhone Developer";
				COPY_PHASE_STRIP = NO;
				DEBUG_INFORMATION_FORMAT = "dwarf-with-dsym";
				ENABLE_STRICT_OBJC_MSGSEND = YES;
				GCC_C_LANGUAGE_STANDARD = gnu99;
				GCC_DYNAMIC_NO_PIC = NO;
				GCC_NO_COMMON_BLOCKS = YES;
				GCC_OPTIMIZATION_LEVEL = 0;
				GCC_PREPROCESSOR_DEFINITIONS = (
					"DEBUG=1",
					"$(inherited)",
				);
				GCC_SYMBOLS_PRIVATE_EXTERN = NO;
				GCC_WARN_64_TO_32_BIT_CONVERSION = YES;
				GCC_WARN_ABOUT_RETURN_TYPE = YES_ERROR;
				GCC_WARN_UNDECLARED_SELECTOR = YES;
				GCC_WARN_UNINITIALIZED_AUTOS = YES_AGGRESSIVE;
				GCC_WARN_UNUSED_FUNCTION = YES;
				GCC_WARN_UNUSED_VARIABLE = YES;
				IPHONEOS_DEPLOYMENT_TARGET = 8.4;
				MTL_ENABLE_DEBUG_INFO = YES;
				ONLY_ACTIVE_ARCH = YES;
				SDKROOT = iphoneos;
				SWIFT_OPTIMIZATION_LEVEL = "-Onone";
			};
			name = Debug;
		};
		E45FFA001BACD12B00164C72 /* Release */ = {
			isa = XCBuildConfiguration;
			buildSettings = {
				ALWAYS_SEARCH_USER_PATHS = NO;
				CLANG_CXX_LANGUAGE_STANDARD = "gnu++0x";
				CLANG_CXX_LIBRARY = "libc++";
				CLANG_ENABLE_MODULES = YES;
				CLANG_ENABLE_OBJC_ARC = YES;
				CLANG_WARN_BOOL_CONVERSION = YES;
				CLANG_WARN_CONSTANT_CONVERSION = YES;
				CLANG_WARN_DIRECT_OBJC_ISA_USAGE = YES_ERROR;
				CLANG_WARN_EMPTY_BODY = YES;
				CLANG_WARN_ENUM_CONVERSION = YES;
				CLANG_WARN_INT_CONVERSION = YES;
				CLANG_WARN_OBJC_ROOT_CLASS = YES_ERROR;
				CLANG_WARN_UNREACHABLE_CODE = YES;
				CLANG_WARN__DUPLICATE_METHOD_MATCH = YES;
				"CODE_SIGN_IDENTITY[sdk=iphoneos*]" = "iPhone Developer";
				COPY_PHASE_STRIP = NO;
				DEBUG_INFORMATION_FORMAT = "dwarf-with-dsym";
				ENABLE_NS_ASSERTIONS = NO;
				ENABLE_STRICT_OBJC_MSGSEND = YES;
				GCC_C_LANGUAGE_STANDARD = gnu99;
				GCC_NO_COMMON_BLOCKS = YES;
				GCC_WARN_64_TO_32_BIT_CONVERSION = YES;
				GCC_WARN_ABOUT_RETURN_TYPE = YES_ERROR;
				GCC_WARN_UNDECLARED_SELECTOR = YES;
				GCC_WARN_UNINITIALIZED_AUTOS = YES_AGGRESSIVE;
				GCC_WARN_UNUSED_FUNCTION = YES;
				GCC_WARN_UNUSED_VARIABLE = YES;
				IPHONEOS_DEPLOYMENT_TARGET = 8.4;
				MTL_ENABLE_DEBUG_INFO = NO;
				SDKROOT = iphoneos;
				VALIDATE_PRODUCT = YES;
			};
			name = Release;
		};
		E45FFA021BACD12B00164C72 /* Debug */ = {
			isa = XCBuildConfiguration;
			baseConfigurationReference = 8B3F31AD46FF2356344697D8 /* Pods.debug.xcconfig */;
			buildSettings = {
				ASSETCATALOG_COMPILER_APPICON_NAME = AppIcon;
				CLANG_ENABLE_MODULES = YES;
				INFOPLIST_FILE = WhizBridge/Info.plist;
				LD_RUNPATH_SEARCH_PATHS = "$(inherited) @executable_path/Frameworks";
				PRODUCT_NAME = "$(TARGET_NAME)";
				SWIFT_OBJC_BRIDGING_HEADER = "WhizBridge/WhizBridge-Bridging-Header.h";
				SWIFT_OPTIMIZATION_LEVEL = "-Onone";
			};
			name = Debug;
		};
		E45FFA031BACD12B00164C72 /* Release */ = {
			isa = XCBuildConfiguration;
			baseConfigurationReference = FF78FDFED078D42A43B5A135 /* Pods.release.xcconfig */;
			buildSettings = {
				ASSETCATALOG_COMPILER_APPICON_NAME = AppIcon;
				CLANG_ENABLE_MODULES = YES;
				INFOPLIST_FILE = WhizBridge/Info.plist;
				LD_RUNPATH_SEARCH_PATHS = "$(inherited) @executable_path/Frameworks";
				PRODUCT_NAME = "$(TARGET_NAME)";
				SWIFT_OBJC_BRIDGING_HEADER = "WhizBridge/WhizBridge-Bridging-Header.h";
			};
			name = Release;
		};
		E45FFA051BACD12B00164C72 /* Debug */ = {
			isa = XCBuildConfiguration;
			buildSettings = {
				BUNDLE_LOADER = "$(TEST_HOST)";
				FRAMEWORK_SEARCH_PATHS = (
					"$(SDKROOT)/Developer/Library/Frameworks",
					"$(inherited)",
				);
				GCC_PREPROCESSOR_DEFINITIONS = (
					"DEBUG=1",
					"$(inherited)",
				);
				INFOPLIST_FILE = WhizBridgeTests/Info.plist;
				LD_RUNPATH_SEARCH_PATHS = "$(inherited) @executable_path/Frameworks @loader_path/Frameworks";
				PRODUCT_NAME = "$(TARGET_NAME)";
				TEST_HOST = "$(BUILT_PRODUCTS_DIR)/WhizBridge.app/WhizBridge";
			};
			name = Debug;
		};
		E45FFA061BACD12B00164C72 /* Release */ = {
			isa = XCBuildConfiguration;
			buildSettings = {
				BUNDLE_LOADER = "$(TEST_HOST)";
				FRAMEWORK_SEARCH_PATHS = (
					"$(SDKROOT)/Developer/Library/Frameworks",
					"$(inherited)",
				);
				INFOPLIST_FILE = WhizBridgeTests/Info.plist;
				LD_RUNPATH_SEARCH_PATHS = "$(inherited) @executable_path/Frameworks @loader_path/Frameworks";
				PRODUCT_NAME = "$(TARGET_NAME)";
				TEST_HOST = "$(BUILT_PRODUCTS_DIR)/WhizBridge.app/WhizBridge";
			};
			name = Release;
		};
/* End XCBuildConfiguration section */

/* Begin XCConfigurationList section */
		E45FF9DD1BACD12B00164C72 /* Build configuration list for PBXProject "WhizBridge" */ = {
			isa = XCConfigurationList;
			buildConfigurations = (
				E45FF9FF1BACD12B00164C72 /* Debug */,
				E45FFA001BACD12B00164C72 /* Release */,
			);
			defaultConfigurationIsVisible = 0;
			defaultConfigurationName = Release;
		};
		E45FFA011BACD12B00164C72 /* Build configuration list for PBXNativeTarget "WhizBridge" */ = {
			isa = XCConfigurationList;
			buildConfigurations = (
				E45FFA021BACD12B00164C72 /* Debug */,
				E45FFA031BACD12B00164C72 /* Release */,
			);
			defaultConfigurationIsVisible = 0;
			defaultConfigurationName = Release;
		};
		E45FFA041BACD12B00164C72 /* Build configuration list for PBXNativeTarget "WhizBridgeTests" */ = {
			isa = XCConfigurationList;
			buildConfigurations = (
				E45FFA051BACD12B00164C72 /* Debug */,
				E45FFA061BACD12B00164C72 /* Release */,
			);
			defaultConfigurationIsVisible = 0;
			defaultConfigurationName = Release;
		};
/* End XCConfigurationList section */
	};
	rootObject = E45FF9DA1BACD12B00164C72 /* Project object */;
}
